
Microsoft Visual Studio Solution File, Format Version 12.00
# Visual Studio Version 17
VisualStudioVersion = 17.4.33213.308
MinimumVisualStudioVersion = 10.0.40219.1
Project("{2150E333-8FDC-42A3-9474-1A3956D46DE8}") = "Microservices", "Microservices", "{AF92ABF4-14CE-4096-96C1-79DEECFE219A}"
EndProject
Project("{FAE04EC0-301F-11D3-BF4B-00C04F79EFBC}") = "Customers", "Customers\Customers.csproj", "{661A401E-1034-4569-869D-18819BC07371}"
EndProject
Project("{FAE04EC0-301F-11D3-BF4B-00C04F79EFBC}") = "Products", "Products\Products.csproj", "{69C6AF03-B84F-41E0-A05D-19C37F68E32F}"
EndProject
Project("{FAE04EC0-301F-11D3-BF4B-00C04F79EFBC}") = "Gateway_API", "Gateway_API\Gateway_API.csproj", "{970E5471-1A03-4AC2-BAA7-AD082623A82E}"
EndProject
Project("{FAE04EC0-301F-11D3-BF4B-00C04F79EFBC}") = "Payment", "Payment\Payment.csproj", "{B0DDC5E2-0D32-4A66-A175-BC4E343DEB62}"
EndProject
Global
	GlobalSection(SolutionConfigurationPlatforms) = preSolution
		Debug|Any CPU = Debug|Any CPU
		Release|Any CPU = Release|Any CPU
	EndGlobalSection
	GlobalSection(ProjectConfigurationPlatforms) = postSolution
		{661A401E-1034-4569-869D-18819BC07371}.Debug|Any CPU.ActiveCfg = Debug|Any CPU
		{661A401E-1034-4569-869D-18819BC07371}.Debug|Any CPU.Build.0 = Debug|Any CPU
		{661A401E-1034-4569-869D-18819BC07371}.Release|Any CPU.ActiveCfg = Release|Any CPU
		{661A401E-1034-4569-869D-18819BC07371}.Release|Any CPU.Build.0 = Release|Any CPU
		{69C6AF03-B84F-41E0-A05D-19C37F68E32F}.Debug|Any CPU.ActiveCfg = Debug|Any CPU
		{69C6AF03-B84F-41E0-A05D-19C37F68E32F}.Debug|Any CPU.Build.0 = Debug|Any CPU
		{69C6AF03-B84F-41E0-A05D-19C37F68E32F}.Release|Any CPU.ActiveCfg = Release|Any CPU
		{69C6AF03-B84F-41E0-A05D-19C37F68E32F}.Release|Any CPU.Build.0 = Release|Any CPU
		{970E5471-1A03-4AC2-BAA7-AD082623A82E}.Debug|Any CPU.ActiveCfg = Debug|Any CPU
		{970E5471-1A03-4AC2-BAA7-AD082623A82E}.Debug|Any CPU.Build.0 = Debug|Any CPU
		{970E5471-1A03-4AC2-BAA7-AD082623A82E}.Release|Any CPU.ActiveCfg = Release|Any CPU
		{970E5471-1A03-4AC2-BAA7-AD082623A82E}.Release|Any CPU.Build.0 = Release|Any CPU
		{B0DDC5E2-0D32-4A66-A175-BC4E343DEB62}.Debug|Any CPU.ActiveCfg = Debug|Any CPU
		{B0DDC5E2-0D32-4A66-A175-BC4E343DEB62}.Debug|Any CPU.Build.0 = Debug|Any CPU
		{B0DDC5E2-0D32-4A66-A175-BC4E343DEB62}.Release|Any CPU.ActiveCfg = Release|Any CPU
		{B0DDC5E2-0D32-4A66-A175-BC4E343DEB62}.Release|Any CPU.Build.0 = Release|Any CPU
	EndGlobalSection
	GlobalSection(SolutionProperties) = preSolution
		HideSolutionNode = FALSE
	EndGlobalSection
	GlobalSection(NestedProjects) = preSolution
		{661A401E-1034-4569-869D-18819BC07371} = {AF92ABF4-14CE-4096-96C1-79DEECFE219A}
		{69C6AF03-B84F-41E0-A05D-19C37F68E32F} = {AF92ABF4-14CE-4096-96C1-79DEECFE219A}
		{B0DDC5E2-0D32-4A66-A175-BC4E343DEB62} = {AF92ABF4-14CE-4096-96C1-79DEECFE219A}
	EndGlobalSection
	GlobalSection(ExtensibilityGlobals) = postSolution
		SolutionGuid = {30252131-89D2-4DDC-9F3E-BBC39615AF3C}
	EndGlobalSection
EndGlobal
