
Microsoft Visual Studio Solution File, Format Version 12.00
# Visual Studio Version 17
VisualStudioVersion = 17.4.33213.308
MinimumVisualStudioVersion = 10.0.40219.1
Project("{FAE04EC0-301F-11D3-BF4B-00C04F79EFBC}") = "WebApi_Mongodb_march17", "WebApi_Mongodb_march17\WebApi_Mongodb_march17.csproj", "{FDF7A97E-2AE1-45FB-9C15-DCBC8A966124}"
EndProject
Global
	GlobalSection(SolutionConfigurationPlatforms) = preSolution
		Debug|Any CPU = Debug|Any CPU
		Release|Any CPU = Release|Any CPU
	EndGlobalSection
	GlobalSection(ProjectConfigurationPlatforms) = postSolution
		{FDF7A97E-2AE1-45FB-9C15-DCBC8A966124}.Debug|Any CPU.ActiveCfg = Debug|Any CPU
		{FDF7A97E-2AE1-45FB-9C15-DCBC8A966124}.Debug|Any CPU.Build.0 = Debug|Any CPU
		{FDF7A97E-2AE1-45FB-9C15-DCBC8A966124}.Release|Any CPU.ActiveCfg = Release|Any CPU
		{FDF7A97E-2AE1-45FB-9C15-DCBC8A966124}.Release|Any CPU.Build.0 = Release|Any CPU
	EndGlobalSection
	GlobalSection(SolutionProperties) = preSolution
		HideSolutionNode = FALSE
	EndGlobalSection
	GlobalSection(ExtensibilityGlobals) = postSolution
		SolutionGuid = {04B4562A-A882-4ABB-964A-42F8C6399FAB}
	EndGlobalSection
EndGlobal
